
Microsoft Visual Studio Solution File, Format Version 12.00
# Visual Studio Version 17
VisualStudioVersion = 17.2.32630.192
MinimumVisualStudioVersion = 10.0.40219.1
Project("{FAE04EC0-301F-11D3-BF4B-00C04F79EFBC}") = "TetrisClientNorm", "TetrisClientNorm\TetrisClientNorm.csproj", "{E47948A5-EE84-4E07-A411-1BE113CAD40C}"
EndProject
Global
	GlobalSection(SolutionConfigurationPlatforms) = preSolution
		Debug|Any CPU = Debug|Any CPU
		Release|Any CPU = Release|Any CPU
	EndGlobalSection
	GlobalSection(ProjectConfigurationPlatforms) = postSolution
		{E47948A5-EE84-4E07-A411-1BE113CAD40C}.Debug|Any CPU.ActiveCfg = Debug|Any CPU
		{E47948A5-EE84-4E07-A411-1BE113CAD40C}.Debug|Any CPU.Build.0 = Debug|Any CPU
		{E47948A5-EE84-4E07-A411-1BE113CAD40C}.Release|Any CPU.ActiveCfg = Release|Any CPU
		{E47948A5-EE84-4E07-A411-1BE113CAD40C}.Release|Any CPU.Build.0 = Release|Any CPU
	EndGlobalSection
	GlobalSection(SolutionProperties) = preSolution
		HideSolutionNode = FALSE
	EndGlobalSection
	GlobalSection(ExtensibilityGlobals) = postSolution
		SolutionGuid = {D6B3D670-DFE2-4A83-ADF2-7BB073B13E01}
	EndGlobalSection
EndGlobal
